// !$*UTF8*$!
{
	archiveVersion = 1;
	classes = {
	};
	objectVersion = 46;
	objects = {

/* Begin PBXBuildFile section */
		1B0532FD1CC7FA3100208712 /* AppDelegate.swift in Sources */ = {isa = PBXBuildFile; fileRef = 1B0532FC1CC7FA3100208712 /* AppDelegate.swift */; };
		1B0533041CC7FA3100208712 /* Assets.xcassets in Resources */ = {isa = PBXBuildFile; fileRef = 1B0533031CC7FA3100208712 /* Assets.xcassets */; };
		1B05331F1CC9EBAD00208712 /* AddAmountViewController.swift in Sources */ = {isa = PBXBuildFile; fileRef = 1B05331E1CC9EBAD00208712 /* AddAmountViewController.swift */; };
		1B0533251CCA399F00208712 /* MainViewController.swift in Sources */ = {isa = PBXBuildFile; fileRef = 1B0533241CCA399F00208712 /* MainViewController.swift */; };
		1B370B701CCE09CF003F21C6 /* AddNewTripViewController.swift in Sources */ = {isa = PBXBuildFile; fileRef = 1B370B6F1CCE09CF003F21C6 /* AddNewTripViewController.swift */; };
		1B370B741CCE36B3003F21C6 /* TripSettingsViewController.swift in Sources */ = {isa = PBXBuildFile; fileRef = 1B370B731CCE36B3003F21C6 /* TripSettingsViewController.swift */; };
		1B370B761CCE9B73003F21C6 /* MyTrip.swift in Sources */ = {isa = PBXBuildFile; fileRef = 1B370B751CCE9B73003F21C6 /* MyTrip.swift */; };
		1B3727A61CCFFE8800F63BBD /* Main.storyboard in Resources */ = {isa = PBXBuildFile; fileRef = 1B3727A41CCFFE8800F63BBD /* Main.storyboard */; };
		1B3727A81CD1066D00F63BBD /* SpendingViewController.swift in Sources */ = {isa = PBXBuildFile; fileRef = 1B3727A71CD1066D00F63BBD /* SpendingViewController.swift */; };
		1BE77DA51CE3501800B3ADD7 /* DataBase.swift in Sources */ = {isa = PBXBuildFile; fileRef = 1BE77DA41CE3501800B3ADD7 /* DataBase.swift */; };
		1BE77DA71CE4821B00B3ADD7 /* HistoryTableViewController.swift in Sources */ = {isa = PBXBuildFile; fileRef = 1BE77DA61CE4821B00B3ADD7 /* HistoryTableViewController.swift */; };
/* End PBXBuildFile section */

/* Begin PBXFileReference section */
		1B0532F91CC7FA3100208712 /* Smart Spender.app */ = {isa = PBXFileReference; explicitFileType = wrapper.application; includeInIndex = 0; path = "Smart Spender.app"; sourceTree = BUILT_PRODUCTS_DIR; };
		1B0532FC1CC7FA3100208712 /* AppDelegate.swift */ = {isa = PBXFileReference; lastKnownFileType = sourcecode.swift; path = AppDelegate.swift; sourceTree = "<group>"; };
		1B0533031CC7FA3100208712 /* Assets.xcassets */ = {isa = PBXFileReference; lastKnownFileType = folder.assetcatalog; path = Assets.xcassets; sourceTree = "<group>"; };
		1B0533081CC7FA3100208712 /* Info.plist */ = {isa = PBXFileReference; lastKnownFileType = text.plist.xml; path = Info.plist; sourceTree = "<group>"; };
		1B05331E1CC9EBAD00208712 /* AddAmountViewController.swift */ = {isa = PBXFileReference; fileEncoding = 4; lastKnownFileType = sourcecode.swift; path = AddAmountViewController.swift; sourceTree = "<group>"; };
		1B0533241CCA399F00208712 /* MainViewController.swift */ = {isa = PBXFileReference; fileEncoding = 4; lastKnownFileType = sourcecode.swift; path = MainViewController.swift; sourceTree = "<group>"; };
		1B370B6F1CCE09CF003F21C6 /* AddNewTripViewController.swift */ = {isa = PBXFileReference; fileEncoding = 4; lastKnownFileType = sourcecode.swift; path = AddNewTripViewController.swift; sourceTree = "<group>"; };
		1B370B731CCE36B3003F21C6 /* TripSettingsViewController.swift */ = {isa = PBXFileReference; fileEncoding = 4; lastKnownFileType = sourcecode.swift; path = TripSettingsViewController.swift; sourceTree = "<group>"; };
		1B370B751CCE9B73003F21C6 /* MyTrip.swift */ = {isa = PBXFileReference; fileEncoding = 4; lastKnownFileType = sourcecode.swift; path = MyTrip.swift; sourceTree = "<group>"; };
		1B3727A51CCFFE8800F63BBD /* Base */ = {isa = PBXFileReference; lastKnownFileType = file.storyboard; name = Base; path = Base.lproj/Main.storyboard; sourceTree = "<group>"; };
		1B3727A71CD1066D00F63BBD /* SpendingViewController.swift */ = {isa = PBXFileReference; fileEncoding = 4; lastKnownFileType = sourcecode.swift; path = SpendingViewController.swift; sourceTree = "<group>"; };
		1BE77DA41CE3501800B3ADD7 /* DataBase.swift */ = {isa = PBXFileReference; fileEncoding = 4; lastKnownFileType = sourcecode.swift; path = DataBase.swift; sourceTree = "<group>"; };
		1BE77DA61CE4821B00B3ADD7 /* HistoryTableViewController.swift */ = {isa = PBXFileReference; fileEncoding = 4; lastKnownFileType = sourcecode.swift; path = HistoryTableViewController.swift; sourceTree = "<group>"; };
/* End PBXFileReference section */

/* Begin PBXFrameworksBuildPhase section */
		1B0532F61CC7FA3000208712 /* Frameworks */ = {
			isa = PBXFrameworksBuildPhase;
			buildActionMask = 2147483647;
			files = (
			);
			runOnlyForDeploymentPostprocessing = 0;
		};
/* End PBXFrameworksBuildPhase section */

/* Begin PBXGroup section */
		09A065051CD9F52300D79EC2 /* Controllers */ = {
			isa = PBXGroup;
			children = (
				1BE77DA61CE4821B00B3ADD7 /* HistoryTableViewController.swift */,
				1B370B731CCE36B3003F21C6 /* TripSettingsViewController.swift */,
				1B370B6F1CCE09CF003F21C6 /* AddNewTripViewController.swift */,
				1B0533241CCA399F00208712 /* MainViewController.swift */,
				1B05331E1CC9EBAD00208712 /* AddAmountViewController.swift */,
				1B3727A71CD1066D00F63BBD /* SpendingViewController.swift */,
			);
			name = Controllers;
			sourceTree = "<group>";
		};
		1B0532F01CC7FA3000208712 = {
			isa = PBXGroup;
			children = (
				1B0532FB1CC7FA3100208712 /* Smart Spender */,
				1B0532FA1CC7FA3100208712 /* Products */,
			);
			sourceTree = "<group>";
		};
		1B0532FA1CC7FA3100208712 /* Products */ = {
			isa = PBXGroup;
			children = (
				1B0532F91CC7FA3100208712 /* Smart Spender.app */,
			);
			name = Products;
			sourceTree = "<group>";
		};
		1B0532FB1CC7FA3100208712 /* Smart Spender */ = {
			isa = PBXGroup;
			children = (
				09A065051CD9F52300D79EC2 /* Controllers */,
				1B0532FC1CC7FA3100208712 /* AppDelegate.swift */,
				1B370B751CCE9B73003F21C6 /* MyTrip.swift */,
				1B3727A41CCFFE8800F63BBD /* Main.storyboard */,
				1BE77DA41CE3501800B3ADD7 /* DataBase.swift */,
				1B0533031CC7FA3100208712 /* Assets.xcassets */,
				1B0533081CC7FA3100208712 /* Info.plist */,
			);
			path = "Smart Spender";
			sourceTree = "<group>";
		};
/* End PBXGroup section */

/* Begin PBXNativeTarget section */
		1B0532F81CC7FA3000208712 /* Smart Spender */ = {
			isa = PBXNativeTarget;
			buildConfigurationList = 1B05330B1CC7FA3100208712 /* Build configuration list for PBXNativeTarget "Smart Spender" */;
			buildPhases = (
				1B0532F51CC7FA3000208712 /* Sources */,
				1B0532F61CC7FA3000208712 /* Frameworks */,
				1B0532F71CC7FA3000208712 /* Resources */,
			);
			buildRules = (
			);
			dependencies = (
			);
			name = "Smart Spender";
			productName = "Smart Spender";
			productReference = 1B0532F91CC7FA3100208712 /* Smart Spender.app */;
			productType = "com.apple.product-type.application";
		};
/* End PBXNativeTarget section */

/* Begin PBXProject section */
		1B0532F11CC7FA3000208712 /* Project object */ = {
			isa = PBXProject;
			attributes = {
				LastSwiftUpdateCheck = 0720;
				LastUpgradeCheck = 0720;
				ORGANIZATIONNAME = AppStory;
				TargetAttributes = {
					1B0532F81CC7FA3000208712 = {
						CreatedOnToolsVersion = 7.2.1;
						DevelopmentTeam = AHU384U8Y2;
					};
				};
			};
			buildConfigurationList = 1B0532F41CC7FA3000208712 /* Build configuration list for PBXProject "Smart Spender" */;
			compatibilityVersion = "Xcode 3.2";
			developmentRegion = English;
			hasScannedForEncodings = 0;
			knownRegions = (
				en,
				Base,
			);
			mainGroup = 1B0532F01CC7FA3000208712;
			productRefGroup = 1B0532FA1CC7FA3100208712 /* Products */;
			projectDirPath = "";
			projectRoot = "";
			targets = (
				1B0532F81CC7FA3000208712 /* Smart Spender */,
			);
		};
/* End PBXProject section */

/* Begin PBXResourcesBuildPhase section */
		1B0532F71CC7FA3000208712 /* Resources */ = {
			isa = PBXResourcesBuildPhase;
			buildActionMask = 2147483647;
			files = (
				1B3727A61CCFFE8800F63BBD /* Main.storyboard in Resources */,
				1B0533041CC7FA3100208712 /* Assets.xcassets in Resources */,
			);
			runOnlyForDeploymentPostprocessing = 0;
		};
/* End PBXResourcesBuildPhase section */

/* Begin PBXSourcesBuildPhase section */
		1B0532F51CC7FA3000208712 /* Sources */ = {
			isa = PBXSourcesBuildPhase;
			buildActionMask = 2147483647;
			files = (
				1B05331F1CC9EBAD00208712 /* AddAmountViewController.swift in Sources */,
				1B370B741CCE36B3003F21C6 /* TripSettingsViewController.swift in Sources */,
				1B370B761CCE9B73003F21C6 /* MyTrip.swift in Sources */,
				1B0532FD1CC7FA3100208712 /* AppDelegate.swift in Sources */,
				1B370B701CCE09CF003F21C6 /* AddNewTripViewController.swift in Sources */,
				1BE77DA71CE4821B00B3ADD7 /* HistoryTableViewController.swift in Sources */,
				1B3727A81CD1066D00F63BBD /* SpendingViewController.swift in Sources */,
				1BE77DA51CE3501800B3ADD7 /* DataBase.swift in Sources */,
				1B0533251CCA399F00208712 /* MainViewController.swift in Sources */,
			);
			runOnlyForDeploymentPostprocessing = 0;
		};
/* End PBXSourcesBuildPhase section */

/* Begin PBXVariantGroup section */
		1B3727A41CCFFE8800F63BBD /* Main.storyboard */ = {
			isa = PBXVariantGroup;
			children = (
				1B3727A51CCFFE8800F63BBD /* Base */,
			);
			name = Main.storyboard;
			sourceTree = "<group>";
		};
/* End PBXVariantGroup section */

/* Begin XCBuildConfiguration section */
		1B0533091CC7FA3100208712 /* Debug */ = {
			isa = XCBuildConfiguration;
			buildSettings = {
				ALWAYS_SEARCH_USER_PATHS = NO;
				CLANG_CXX_LANGUAGE_STANDARD = "gnu++0x";
				CLANG_CXX_LIBRARY = "libc++";
				CLANG_ENABLE_MODULES = YES;
				CLANG_ENABLE_OBJC_ARC = YES;
				CLANG_WARN_BOOL_CONVERSION = YES;
				CLANG_WARN_CONSTANT_CONVERSION = YES;
				CLANG_WARN_DIRECT_OBJC_ISA_USAGE = YES_ERROR;
				CLANG_WARN_EMPTY_BODY = YES;
				CLANG_WARN_ENUM_CONVERSION = YES;
				CLANG_WARN_INT_CONVERSION = YES;
				CLANG_WARN_OBJC_ROOT_CLASS = YES_ERROR;
				CLANG_WARN_UNREACHABLE_CODE = YES;
				CLANG_WARN__DUPLICATE_METHOD_MATCH = YES;
				"CODE_SIGN_IDENTITY[sdk=iphoneos*]" = "iPhone Developer";
				COPY_PHASE_STRIP = NO;
				DEBUG_INFORMATION_FORMAT = dwarf;
				ENABLE_STRICT_OBJC_MSGSEND = YES;
				ENABLE_TESTABILITY = YES;
				GCC_C_LANGUAGE_STANDARD = gnu99;
				GCC_DYNAMIC_NO_PIC = NO;
				GCC_NO_COMMON_BLOCKS = YES;
				GCC_OPTIMIZATION_LEVEL = 0;
				GCC_PREPROCESSOR_DEFINITIONS = (
					"DEBUG=1",
					"$(inherited)",
				);
				GCC_WARN_64_TO_32_BIT_CONVERSION = YES;
				GCC_WARN_ABOUT_RETURN_TYPE = YES_ERROR;
				GCC_WARN_UNDECLARED_SELECTOR = YES;
				GCC_WARN_UNINITIALIZED_AUTOS = YES_AGGRESSIVE;
				GCC_WARN_UNUSED_FUNCTION = YES;
				GCC_WARN_UNUSED_VARIABLE = YES;
				IPHONEOS_DEPLOYMENT_TARGET = 9.2;
				MTL_ENABLE_DEBUG_INFO = YES;
				ONLY_ACTIVE_ARCH = YES;
				SDKROOT = iphoneos;
				SWIFT_OPTIMIZATION_LEVEL = "-Onone";
				TARGETED_DEVICE_FAMILY = "1,2";
			};
			name = Debug;
		};
		1B05330A1CC7FA3100208712 /* Release */ = {
			isa = XCBuildConfiguration;
			buildSettings = {
				ALWAYS_SEARCH_USER_PATHS = NO;
				CLANG_CXX_LANGUAGE_STANDARD = "gnu++0x";
				CLANG_CXX_LIBRARY = "libc++";
				CLANG_ENABLE_MODULES = YES;
				CLANG_ENABLE_OBJC_ARC = YES;
				CLANG_WARN_BOOL_CONVERSION = YES;
				CLANG_WARN_CONSTANT_CONVERSION = YES;
				CLANG_WARN_DIRECT_OBJC_ISA_USAGE = YES_ERROR;
				CLANG_WARN_EMPTY_BODY = YES;
				CLANG_WARN_ENUM_CONVERSION = YES;
				CLANG_WARN_INT_CONVERSION = YES;
				CLANG_WARN_OBJC_ROOT_CLASS = YES_ERROR;
				CLANG_WARN_UNREACHABLE_CODE = YES;
				CLANG_WARN__DUPLICATE_METHOD_MATCH = YES;
				"CODE_SIGN_IDENTITY[sdk=iphoneos*]" = "iPhone Developer";
				COPY_PHASE_STRIP = NO;
				DEBUG_INFORMATION_FORMAT = "dwarf-with-dsym";
				ENABLE_NS_ASSERTIONS = NO;
				ENABLE_STRICT_OBJC_MSGSEND = YES;
				GCC_C_LANGUAGE_STANDARD = gnu99;
				GCC_NO_COMMON_BLOCKS = YES;
				GCC_WARN_64_TO_32_BIT_CONVERSION = YES;
				GCC_WARN_ABOUT_RETURN_TYPE = YES_ERROR;
				GCC_WARN_UNDECLARED_SELECTOR = YES;
				GCC_WARN_UNINITIALIZED_AUTOS = YES_AGGRESSIVE;
				GCC_WARN_UNUSED_FUNCTION = YES;
				GCC_WARN_UNUSED_VARIABLE = YES;
				IPHONEOS_DEPLOYMENT_TARGET = 9.2;
				MTL_ENABLE_DEBUG_INFO = NO;
				SDKROOT = iphoneos;
				TARGETED_DEVICE_FAMILY = "1,2";
				VALIDATE_PRODUCT = YES;
			};
			name = Release;
		};
		1B05330C1CC7FA3100208712 /* Debug */ = {
			isa = XCBuildConfiguration;
			buildSettings = {
				ASSETCATALOG_COMPILER_APPICON_NAME = AppIcon;
				CODE_SIGN_IDENTITY = "iPhone Developer";
				"CODE_SIGN_IDENTITY[sdk=iphoneos*]" = "iPhone Developer";
				INFOPLIST_FILE = "Smart Spender/Info.plist";
				LD_RUNPATH_SEARCH_PATHS = "$(inherited) @executable_path/Frameworks";
				PRODUCT_BUNDLE_IDENTIFIER = "Appstory.Smart-Spender";
				PRODUCT_NAME = "$(TARGET_NAME)";
				PROVISIONING_PROFILE = "";
			};
			name = Debug;
		};
		1B05330D1CC7FA3100208712 /* Release */ = {
			isa = XCBuildConfiguration;
			buildSettings = {
				ASSETCATALOG_COMPILER_APPICON_NAME = AppIcon;
				CODE_SIGN_IDENTITY = "iPhone Developer";
				"CODE_SIGN_IDENTITY[sdk=iphoneos*]" = "iPhone Developer";
				INFOPLIST_FILE = "Smart Spender/Info.plist";
				LD_RUNPATH_SEARCH_PATHS = "$(inherited) @executable_path/Frameworks";
				PRODUCT_BUNDLE_IDENTIFIER = "Appstory.Smart-Spender";
				PRODUCT_NAME = "$(TARGET_NAME)";
				PROVISIONING_PROFILE = "";
			};
			name = Release;
		};
/* End XCBuildConfiguration section */

/* Begin XCConfigurationList section */
		1B0532F41CC7FA3000208712 /* Build configuration list for PBXProject "Smart Spender" */ = {
			isa = XCConfigurationList;
			buildConfigurations = (
				1B0533091CC7FA3100208712 /* Debug */,
				1B05330A1CC7FA3100208712 /* Release */,
			);
			defaultConfigurationIsVisible = 0;
			defaultConfigurationName = Release;
		};
		1B05330B1CC7FA3100208712 /* Build configuration list for PBXNativeTarget "Smart Spender" */ = {
			isa = XCConfigurationList;
			buildConfigurations = (
				1B05330C1CC7FA3100208712 /* Debug */,
				1B05330D1CC7FA3100208712 /* Release */,
			);
			defaultConfigurationIsVisible = 0;
			defaultConfigurationName = Release;
		};
/* End XCConfigurationList section */
	};
	rootObject = 1B0532F11CC7FA3000208712 /* Project object */;
}
